
Microsoft Visual Studio Solution File, Format Version 12.00
# Visual Studio Version 17
VisualStudioVersion = 17.6.33829.357
MinimumVisualStudioVersion = 10.0.40219.1
Project("{8BC9CEB8-8B4A-11D0-8D11-00A0C91BC942}") = "bai4", "bai4.vcxproj", "{C029AE39-DA38-439B-AF0D-A1A1216E108D}"
EndProject
Global
	GlobalSection(SolutionConfigurationPlatforms) = preSolution
		Debug|x64 = Debug|x64
		Debug|x86 = Debug|x86
		Release|x64 = Release|x64
		Release|x86 = Release|x86
	EndGlobalSection
	GlobalSection(ProjectConfigurationPlatforms) = postSolution
		{C029AE39-DA38-439B-AF0D-A1A1216E108D}.Debug|x64.ActiveCfg = Debug|x64
		{C029AE39-DA38-439B-AF0D-A1A1216E108D}.Debug|x64.Build.0 = Debug|x64
		{C029AE39-DA38-439B-AF0D-A1A1216E108D}.Debug|x86.ActiveCfg = Debug|Win32
		{C029AE39-DA38-439B-AF0D-A1A1216E108D}.Debug|x86.Build.0 = Debug|Win32
		{C029AE39-DA38-439B-AF0D-A1A1216E108D}.Release|x64.ActiveCfg = Release|x64
		{C029AE39-DA38-439B-AF0D-A1A1216E108D}.Release|x64.Build.0 = Release|x64
		{C029AE39-DA38-439B-AF0D-A1A1216E108D}.Release|x86.ActiveCfg = Release|Win32
		{C029AE39-DA38-439B-AF0D-A1A1216E108D}.Release|x86.Build.0 = Release|Win32
	EndGlobalSection
	GlobalSection(SolutionProperties) = preSolution
		HideSolutionNode = FALSE
	EndGlobalSection
	GlobalSection(ExtensibilityGlobals) = postSolution
		SolutionGuid = {408289DD-3C2A-4034-BB0A-2F2A6AA26E10}
	EndGlobalSection
EndGlobal
